
Microsoft Visual Studio Solution File, Format Version 12.00
# Visual Studio 15
VisualStudioVersion = 15.0.28010.2048
MinimumVisualStudioVersion = 10.0.40219.1
Project("{9A19103F-16F7-4668-BE54-9A1E7A4F7556}") = "Resources.Core", "Resources\Resources.Core.csproj", "{C7D73ADC-8A59-4B69-B1B0-99F370014431}"
EndProject
Project("{FAE04EC0-301F-11D3-BF4B-00C04F79EFBC}") = "Resources.API", "Resources.API\Resources.API.csproj", "{8BBA4456-706C-444E-8D47-1306ECF016FE}"
EndProject
Project("{2150E333-8FDC-42A3-9474-1A3956D46DE8}") = "Solution Items", "Solution Items", "{3AC7CED2-5C77-49EF-A478-6E766362AFBE}"
	ProjectSection(SolutionItems) = preProject
		.dockerignore = .dockerignore
		.gitignore = .gitignore
	EndProjectSection
EndProject
Global
	GlobalSection(SolutionConfigurationPlatforms) = preSolution
		Debug|Any CPU = Debug|Any CPU
		Release|Any CPU = Release|Any CPU
	EndGlobalSection
	GlobalSection(ProjectConfigurationPlatforms) = postSolution
		{C7D73ADC-8A59-4B69-B1B0-99F370014431}.Debug|Any CPU.ActiveCfg = Debug|Any CPU
		{C7D73ADC-8A59-4B69-B1B0-99F370014431}.Debug|Any CPU.Build.0 = Debug|Any CPU
		{C7D73ADC-8A59-4B69-B1B0-99F370014431}.Release|Any CPU.ActiveCfg = Release|Any CPU
		{C7D73ADC-8A59-4B69-B1B0-99F370014431}.Release|Any CPU.Build.0 = Release|Any CPU
		{8BBA4456-706C-444E-8D47-1306ECF016FE}.Debug|Any CPU.ActiveCfg = Debug|Any CPU
		{8BBA4456-706C-444E-8D47-1306ECF016FE}.Debug|Any CPU.Build.0 = Debug|Any CPU
		{8BBA4456-706C-444E-8D47-1306ECF016FE}.Release|Any CPU.ActiveCfg = Release|Any CPU
		{8BBA4456-706C-444E-8D47-1306ECF016FE}.Release|Any CPU.Build.0 = Release|Any CPU
	EndGlobalSection
	GlobalSection(SolutionProperties) = preSolution
		HideSolutionNode = FALSE
	EndGlobalSection
	GlobalSection(ExtensibilityGlobals) = postSolution
		SolutionGuid = {7959E67A-5CDE-4197-B737-604206623EA7}
	EndGlobalSection
EndGlobal
